
Microsoft Visual Studio Solution File, Format Version 12.00
# Visual Studio 15
VisualStudioVersion = 15.0.28010.2016
MinimumVisualStudioVersion = 10.0.40219.1
Project("{FAE04EC0-301F-11D3-BF4B-00C04F79EFBC}") = "epoka", "epoka.csproj", "{558AD9E4-3ECD-4A16-BA95-5BE77FBAC620}"
EndProject
Project("{FAE04EC0-301F-11D3-BF4B-00C04F79EFBC}") = "UnitTestProject1", "..\UnitTestProject1\UnitTestProject1.csproj", "{186B479C-726B-4C1B-A594-84AFC7967745}"
EndProject
Global
	GlobalSection(SolutionConfigurationPlatforms) = preSolution
		Debug|Any CPU = Debug|Any CPU
		Debug|x86 = Debug|x86
		Release|Any CPU = Release|Any CPU
		Release|x86 = Release|x86
	EndGlobalSection
	GlobalSection(ProjectConfigurationPlatforms) = postSolution
		{558AD9E4-3ECD-4A16-BA95-5BE77FBAC620}.Debug|Any CPU.ActiveCfg = Debug|x86
		{558AD9E4-3ECD-4A16-BA95-5BE77FBAC620}.Debug|x86.ActiveCfg = Debug|x86
		{558AD9E4-3ECD-4A16-BA95-5BE77FBAC620}.Debug|x86.Build.0 = Debug|x86
		{558AD9E4-3ECD-4A16-BA95-5BE77FBAC620}.Release|Any CPU.ActiveCfg = Release|x86
		{558AD9E4-3ECD-4A16-BA95-5BE77FBAC620}.Release|x86.ActiveCfg = Release|x86
		{558AD9E4-3ECD-4A16-BA95-5BE77FBAC620}.Release|x86.Build.0 = Release|x86
		{186B479C-726B-4C1B-A594-84AFC7967745}.Debug|Any CPU.ActiveCfg = Debug|Any CPU
		{186B479C-726B-4C1B-A594-84AFC7967745}.Debug|Any CPU.Build.0 = Debug|Any CPU
		{186B479C-726B-4C1B-A594-84AFC7967745}.Debug|x86.ActiveCfg = Debug|Any CPU
		{186B479C-726B-4C1B-A594-84AFC7967745}.Debug|x86.Build.0 = Debug|Any CPU
		{186B479C-726B-4C1B-A594-84AFC7967745}.Release|Any CPU.ActiveCfg = Release|Any CPU
		{186B479C-726B-4C1B-A594-84AFC7967745}.Release|Any CPU.Build.0 = Release|Any CPU
		{186B479C-726B-4C1B-A594-84AFC7967745}.Release|x86.ActiveCfg = Release|Any CPU
		{186B479C-726B-4C1B-A594-84AFC7967745}.Release|x86.Build.0 = Release|Any CPU
	EndGlobalSection
	GlobalSection(SolutionProperties) = preSolution
		HideSolutionNode = FALSE
	EndGlobalSection
	GlobalSection(ExtensibilityGlobals) = postSolution
		SolutionGuid = {410DCB9F-AA78-4E20-8FDC-43FA46F6DE1D}
	EndGlobalSection
EndGlobal
